
Microsoft Visual Studio Solution File, Format Version 12.00
# Visual Studio 15
VisualStudioVersion = 15.0.28307.271
MinimumVisualStudioVersion = 10.0.40219.1
Project("{FAE04EC0-301F-11D3-BF4B-00C04F79EFBC}") = "dipl_mvc", "dipl_mvc\dipl_mvc.csproj", "{1B1C9BA7-A453-4D9F-9EEC-5342185EE1CB}"
EndProject
Global
	GlobalSection(SolutionConfigurationPlatforms) = preSolution
		Debug|Any CPU = Debug|Any CPU
		Release|Any CPU = Release|Any CPU
	EndGlobalSection
	GlobalSection(ProjectConfigurationPlatforms) = postSolution
		{1B1C9BA7-A453-4D9F-9EEC-5342185EE1CB}.Debug|Any CPU.ActiveCfg = Debug|Any CPU
		{1B1C9BA7-A453-4D9F-9EEC-5342185EE1CB}.Debug|Any CPU.Build.0 = Debug|Any CPU
		{1B1C9BA7-A453-4D9F-9EEC-5342185EE1CB}.Release|Any CPU.ActiveCfg = Release|Any CPU
		{1B1C9BA7-A453-4D9F-9EEC-5342185EE1CB}.Release|Any CPU.Build.0 = Release|Any CPU
	EndGlobalSection
	GlobalSection(SolutionProperties) = preSolution
		HideSolutionNode = FALSE
	EndGlobalSection
	GlobalSection(ExtensibilityGlobals) = postSolution
		SolutionGuid = {1F0A56BB-E4F6-48BC-9845-2C3DCD7C09ED}
	EndGlobalSection
EndGlobal
